
Microsoft Visual Studio Solution File, Format Version 12.00
# Visual Studio 15
VisualStudioVersion = 15.0.28307.779
MinimumVisualStudioVersion = 10.0.40219.1
Project("{9A19103F-16F7-4668-BE54-9A1E7A4F7556}") = "MerchantOfGalaxy", "MerchantOfGalaxy\MerchantOfGalaxy.csproj", "{3ECE04E7-876F-4B14-A40F-EEAF7145925A}"
EndProject
Project("{FAE04EC0-301F-11D3-BF4B-00C04F79EFBC}") = "MerchantOfGalaxy.Tests", "MerchantOfGalaxy.Tests\MerchantOfGalaxy.Tests.csproj", "{D47129C0-89DE-4BF5-956F-94EDFBB0168B}"
EndProject
Global
	GlobalSection(SolutionConfigurationPlatforms) = preSolution
		Debug|Any CPU = Debug|Any CPU
		Release|Any CPU = Release|Any CPU
	EndGlobalSection
	GlobalSection(ProjectConfigurationPlatforms) = postSolution
		{3ECE04E7-876F-4B14-A40F-EEAF7145925A}.Debug|Any CPU.ActiveCfg = Debug|Any CPU
		{3ECE04E7-876F-4B14-A40F-EEAF7145925A}.Debug|Any CPU.Build.0 = Debug|Any CPU
		{3ECE04E7-876F-4B14-A40F-EEAF7145925A}.Release|Any CPU.ActiveCfg = Release|Any CPU
		{3ECE04E7-876F-4B14-A40F-EEAF7145925A}.Release|Any CPU.Build.0 = Release|Any CPU
		{D47129C0-89DE-4BF5-956F-94EDFBB0168B}.Debug|Any CPU.ActiveCfg = Debug|Any CPU
		{D47129C0-89DE-4BF5-956F-94EDFBB0168B}.Debug|Any CPU.Build.0 = Debug|Any CPU
		{D47129C0-89DE-4BF5-956F-94EDFBB0168B}.Release|Any CPU.ActiveCfg = Release|Any CPU
		{D47129C0-89DE-4BF5-956F-94EDFBB0168B}.Release|Any CPU.Build.0 = Release|Any CPU
	EndGlobalSection
	GlobalSection(SolutionProperties) = preSolution
		HideSolutionNode = FALSE
	EndGlobalSection
	GlobalSection(ExtensibilityGlobals) = postSolution
		SolutionGuid = {33E89DE4-76D7-49C3-A79B-C6F67A7EA3F8}
	EndGlobalSection
EndGlobal
